
Microsoft Visual Studio Solution File, Format Version 12.00
# Visual Studio Version 16
VisualStudioVersion = 16.0.31729.503
MinimumVisualStudioVersion = 10.0.40219.1
Project("{8BC9CEB8-8B4A-11D0-8D11-00A0C91BC942}") = "Ex1", "Ex1\Ex1.vcxproj", "{3EBD4F52-EA49-4B90-ADFE-4F14EDF51E0E}"
EndProject
Project("{8BC9CEB8-8B4A-11D0-8D11-00A0C91BC942}") = "Ex2", "Ex2\Ex2.vcxproj", "{26B4984C-C382-4391-B839-0365787A54AF}"
EndProject
Project("{8BC9CEB8-8B4A-11D0-8D11-00A0C91BC942}") = "Ex3", "Ex3\Ex3.vcxproj", "{1AA57D2D-36C0-478E-9DFE-A31A8E4C8981}"
EndProject
Project("{8BC9CEB8-8B4A-11D0-8D11-00A0C91BC942}") = "Ex4", "Ex4\Ex4.vcxproj", "{595033D9-0C1E-435D-A385-91251CFB1CBC}"
EndProject
Project("{8BC9CEB8-8B4A-11D0-8D11-00A0C91BC942}") = "ex5", "ex5\ex5.vcxproj", "{A8D7E916-B440-47B4-8475-FE6AE9871EF8}"
EndProject
Project("{8BC9CEB8-8B4A-11D0-8D11-00A0C91BC942}") = "Ex6", "Ex6\Ex6.vcxproj", "{69A97E6C-8846-46A0-86F0-52B271DAAEE7}"
EndProject
Project("{8BC9CEB8-8B4A-11D0-8D11-00A0C91BC942}") = "Ex7", "Ex7\Ex7.vcxproj", "{52CA8392-BB14-4131-AF54-0B1E52C0C171}"
EndProject
Project("{8BC9CEB8-8B4A-11D0-8D11-00A0C91BC942}") = "Ex8", "Ex8\Ex8.vcxproj", "{4AF2C3C5-A279-417F-8E6B-3C16280675CE}"
EndProject
Global
	GlobalSection(SolutionConfigurationPlatforms) = preSolution
		Debug|x64 = Debug|x64
		Debug|x86 = Debug|x86
		Release|x64 = Release|x64
		Release|x86 = Release|x86
	EndGlobalSection
	GlobalSection(ProjectConfigurationPlatforms) = postSolution
		{3EBD4F52-EA49-4B90-ADFE-4F14EDF51E0E}.Debug|x64.ActiveCfg = Debug|x64
		{3EBD4F52-EA49-4B90-ADFE-4F14EDF51E0E}.Debug|x64.Build.0 = Debug|x64
		{3EBD4F52-EA49-4B90-ADFE-4F14EDF51E0E}.Debug|x86.ActiveCfg = Debug|Win32
		{3EBD4F52-EA49-4B90-ADFE-4F14EDF51E0E}.Debug|x86.Build.0 = Debug|Win32
		{3EBD4F52-EA49-4B90-ADFE-4F14EDF51E0E}.Release|x64.ActiveCfg = Release|x64
		{3EBD4F52-EA49-4B90-ADFE-4F14EDF51E0E}.Release|x64.Build.0 = Release|x64
		{3EBD4F52-EA49-4B90-ADFE-4F14EDF51E0E}.Release|x86.ActiveCfg = Release|Win32
		{3EBD4F52-EA49-4B90-ADFE-4F14EDF51E0E}.Release|x86.Build.0 = Release|Win32
		{26B4984C-C382-4391-B839-0365787A54AF}.Debug|x64.ActiveCfg = Debug|x64
		{26B4984C-C382-4391-B839-0365787A54AF}.Debug|x64.Build.0 = Debug|x64
		{26B4984C-C382-4391-B839-0365787A54AF}.Debug|x86.ActiveCfg = Debug|Win32
		{26B4984C-C382-4391-B839-0365787A54AF}.Debug|x86.Build.0 = Debug|Win32
		{26B4984C-C382-4391-B839-0365787A54AF}.Release|x64.ActiveCfg = Release|x64
		{26B4984C-C382-4391-B839-0365787A54AF}.Release|x64.Build.0 = Release|x64
		{26B4984C-C382-4391-B839-0365787A54AF}.Release|x86.ActiveCfg = Release|Win32
		{26B4984C-C382-4391-B839-0365787A54AF}.Release|x86.Build.0 = Release|Win32
		{1AA57D2D-36C0-478E-9DFE-A31A8E4C8981}.Debug|x64.ActiveCfg = Debug|x64
		{1AA57D2D-36C0-478E-9DFE-A31A8E4C8981}.Debug|x64.Build.0 = Debug|x64
		{1AA57D2D-36C0-478E-9DFE-A31A8E4C8981}.Debug|x86.ActiveCfg = Debug|Win32
		{1AA57D2D-36C0-478E-9DFE-A31A8E4C8981}.Debug|x86.Build.0 = Debug|Win32
		{1AA57D2D-36C0-478E-9DFE-A31A8E4C8981}.Release|x64.ActiveCfg = Release|x64
		{1AA57D2D-36C0-478E-9DFE-A31A8E4C8981}.Release|x64.Build.0 = Release|x64
		{1AA57D2D-36C0-478E-9DFE-A31A8E4C8981}.Release|x86.ActiveCfg = Release|Win32
		{1AA57D2D-36C0-478E-9DFE-A31A8E4C8981}.Release|x86.Build.0 = Release|Win32
		{595033D9-0C1E-435D-A385-91251CFB1CBC}.Debug|x64.ActiveCfg = Debug|x64
		{595033D9-0C1E-435D-A385-91251CFB1CBC}.Debug|x64.Build.0 = Debug|x64
		{595033D9-0C1E-435D-A385-91251CFB1CBC}.Debug|x86.ActiveCfg = Debug|Win32
		{595033D9-0C1E-435D-A385-91251CFB1CBC}.Debug|x86.Build.0 = Debug|Win32
		{595033D9-0C1E-435D-A385-91251CFB1CBC}.Release|x64.ActiveCfg = Release|x64
		{595033D9-0C1E-435D-A385-91251CFB1CBC}.Release|x64.Build.0 = Release|x64
		{595033D9-0C1E-435D-A385-91251CFB1CBC}.Release|x86.ActiveCfg = Release|Win32
		{595033D9-0C1E-435D-A385-91251CFB1CBC}.Release|x86.Build.0 = Release|Win32
		{A8D7E916-B440-47B4-8475-FE6AE9871EF8}.Debug|x64.ActiveCfg = Debug|x64
		{A8D7E916-B440-47B4-8475-FE6AE9871EF8}.Debug|x64.Build.0 = Debug|x64
		{A8D7E916-B440-47B4-8475-FE6AE9871EF8}.Debug|x86.ActiveCfg = Debug|Win32
		{A8D7E916-B440-47B4-8475-FE6AE9871EF8}.Debug|x86.Build.0 = Debug|Win32
		{A8D7E916-B440-47B4-8475-FE6AE9871EF8}.Release|x64.ActiveCfg = Release|x64
		{A8D7E916-B440-47B4-8475-FE6AE9871EF8}.Release|x64.Build.0 = Release|x64
		{A8D7E916-B440-47B4-8475-FE6AE9871EF8}.Release|x86.ActiveCfg = Release|Win32
		{A8D7E916-B440-47B4-8475-FE6AE9871EF8}.Release|x86.Build.0 = Release|Win32
		{69A97E6C-8846-46A0-86F0-52B271DAAEE7}.Debug|x64.ActiveCfg = Debug|x64
		{69A97E6C-8846-46A0-86F0-52B271DAAEE7}.Debug|x64.Build.0 = Debug|x64
		{69A97E6C-8846-46A0-86F0-52B271DAAEE7}.Debug|x86.ActiveCfg = Debug|Win32
		{69A97E6C-8846-46A0-86F0-52B271DAAEE7}.Debug|x86.Build.0 = Debug|Win32
		{69A97E6C-8846-46A0-86F0-52B271DAAEE7}.Release|x64.ActiveCfg = Release|x64
		{69A97E6C-8846-46A0-86F0-52B271DAAEE7}.Release|x64.Build.0 = Release|x64
		{69A97E6C-8846-46A0-86F0-52B271DAAEE7}.Release|x86.ActiveCfg = Release|Win32
		{69A97E6C-8846-46A0-86F0-52B271DAAEE7}.Release|x86.Build.0 = Release|Win32
		{52CA8392-BB14-4131-AF54-0B1E52C0C171}.Debug|x64.ActiveCfg = Debug|x64
		{52CA8392-BB14-4131-AF54-0B1E52C0C171}.Debug|x64.Build.0 = Debug|x64
		{52CA8392-BB14-4131-AF54-0B1E52C0C171}.Debug|x86.ActiveCfg = Debug|Win32
		{52CA8392-BB14-4131-AF54-0B1E52C0C171}.Debug|x86.Build.0 = Debug|Win32
		{52CA8392-BB14-4131-AF54-0B1E52C0C171}.Release|x64.ActiveCfg = Release|x64
		{52CA8392-BB14-4131-AF54-0B1E52C0C171}.Release|x64.Build.0 = Release|x64
		{52CA8392-BB14-4131-AF54-0B1E52C0C171}.Release|x86.ActiveCfg = Release|Win32
		{52CA8392-BB14-4131-AF54-0B1E52C0C171}.Release|x86.Build.0 = Release|Win32
		{4AF2C3C5-A279-417F-8E6B-3C16280675CE}.Debug|x64.ActiveCfg = Debug|x64
		{4AF2C3C5-A279-417F-8E6B-3C16280675CE}.Debug|x64.Build.0 = Debug|x64
		{4AF2C3C5-A279-417F-8E6B-3C16280675CE}.Debug|x86.ActiveCfg = Debug|Win32
		{4AF2C3C5-A279-417F-8E6B-3C16280675CE}.Debug|x86.Build.0 = Debug|Win32
		{4AF2C3C5-A279-417F-8E6B-3C16280675CE}.Release|x64.ActiveCfg = Release|x64
		{4AF2C3C5-A279-417F-8E6B-3C16280675CE}.Release|x64.Build.0 = Release|x64
		{4AF2C3C5-A279-417F-8E6B-3C16280675CE}.Release|x86.ActiveCfg = Release|Win32
		{4AF2C3C5-A279-417F-8E6B-3C16280675CE}.Release|x86.Build.0 = Release|Win32
	EndGlobalSection
	GlobalSection(SolutionProperties) = preSolution
		HideSolutionNode = FALSE
	EndGlobalSection
	GlobalSection(ExtensibilityGlobals) = postSolution
		SolutionGuid = {4986C03D-600D-4023-9F74-3E8E6031B600}
	EndGlobalSection
EndGlobal
