
Microsoft Visual Studio Solution File, Format Version 12.00
# Visual Studio Version 16
VisualStudioVersion = 16.0.31729.503
MinimumVisualStudioVersion = 10.0.40219.1
Project("{8BC9CEB8-8B4A-11D0-8D11-00A0C91BC942}") = "exercise 6.1", "exercise 6.1\exercise 6.1.vcxproj", "{2B57B234-FDBC-4DFA-B7D0-B984A2DADB93}"
EndProject
Project("{8BC9CEB8-8B4A-11D0-8D11-00A0C91BC942}") = "exercise 6.2", "exercise 6.2\exercise 6.2.vcxproj", "{46FFF2B1-43DC-4A33-A0E5-7FBEB572149F}"
EndProject
Global
	GlobalSection(SolutionConfigurationPlatforms) = preSolution
		Debug|x64 = Debug|x64
		Debug|x86 = Debug|x86
		Release|x64 = Release|x64
		Release|x86 = Release|x86
	EndGlobalSection
	GlobalSection(ProjectConfigurationPlatforms) = postSolution
		{2B57B234-FDBC-4DFA-B7D0-B984A2DADB93}.Debug|x64.ActiveCfg = Debug|x64
		{2B57B234-FDBC-4DFA-B7D0-B984A2DADB93}.Debug|x64.Build.0 = Debug|x64
		{2B57B234-FDBC-4DFA-B7D0-B984A2DADB93}.Debug|x86.ActiveCfg = Debug|Win32
		{2B57B234-FDBC-4DFA-B7D0-B984A2DADB93}.Debug|x86.Build.0 = Debug|Win32
		{2B57B234-FDBC-4DFA-B7D0-B984A2DADB93}.Release|x64.ActiveCfg = Release|x64
		{2B57B234-FDBC-4DFA-B7D0-B984A2DADB93}.Release|x64.Build.0 = Release|x64
		{2B57B234-FDBC-4DFA-B7D0-B984A2DADB93}.Release|x86.ActiveCfg = Release|Win32
		{2B57B234-FDBC-4DFA-B7D0-B984A2DADB93}.Release|x86.Build.0 = Release|Win32
		{46FFF2B1-43DC-4A33-A0E5-7FBEB572149F}.Debug|x64.ActiveCfg = Debug|x64
		{46FFF2B1-43DC-4A33-A0E5-7FBEB572149F}.Debug|x64.Build.0 = Debug|x64
		{46FFF2B1-43DC-4A33-A0E5-7FBEB572149F}.Debug|x86.ActiveCfg = Debug|Win32
		{46FFF2B1-43DC-4A33-A0E5-7FBEB572149F}.Debug|x86.Build.0 = Debug|Win32
		{46FFF2B1-43DC-4A33-A0E5-7FBEB572149F}.Release|x64.ActiveCfg = Release|x64
		{46FFF2B1-43DC-4A33-A0E5-7FBEB572149F}.Release|x64.Build.0 = Release|x64
		{46FFF2B1-43DC-4A33-A0E5-7FBEB572149F}.Release|x86.ActiveCfg = Release|Win32
		{46FFF2B1-43DC-4A33-A0E5-7FBEB572149F}.Release|x86.Build.0 = Release|Win32
	EndGlobalSection
	GlobalSection(SolutionProperties) = preSolution
		HideSolutionNode = FALSE
	EndGlobalSection
	GlobalSection(ExtensibilityGlobals) = postSolution
		SolutionGuid = {E188F04C-115D-4D72-AC6D-045FBD979601}
	EndGlobalSection
EndGlobal
